{
  "name": "@anderjason/web",
  "version": "3.0.0",
  "lockfileVersion": 1,
  "requires": true,
  "dependencies": {
    "@anderjason/geometry": {
      "version": "3.0.0",
      "resolved": "https://registry.npmjs.org/@anderjason/geometry/-/geometry-3.0.0.tgz",
      "integrity": "sha512-+tXvNPlxo+QM5PSVZ1Zw0DUe4i/765cbUo+pirW94c8m3+lR6tiC4qnkOfuRB6mHGPAFkWf1aFO1lr935PIw/A==",
      "requires": {
        "@anderjason/tests": "^1.0.1",
        "@anderjason/util": "^2.0.0"
      }
    },
    "@anderjason/observable": {
      "version": "3.0.0",
      "resolved": "https://registry.npmjs.org/@anderjason/observable/-/observable-3.0.0.tgz",
      "integrity": "sha512-LgVq427BbEH9ty4sykryvKkqb6jdY37KODnd2cxCv8vpDN88jy1AlVWa+bNU4hJUJxnl1ogDe/MRPSymdGmk+g==",
      "requires": {
        "@anderjason/tests": "^1.0.1",
        "@anderjason/util": "^2.0.0",
        "typescript": "^4.0.3"
      }
    },
    "@anderjason/tests": {
      "version": "1.0.1",
      "resolved": "https://registry.npmjs.org/@anderjason/tests/-/tests-1.0.1.tgz",
      "integrity": "sha512-cZe/kS4An3PzYGDTYorcYOj/xLsR+7YxMXmkBNX5Gi0GZzt5x+u2m4pyYSwOWU1LTqoStEqWeXyc0xtV5Dfx3A==",
      "requires": {
        "typescript": "^4.0.2"
      }
    },
    "@anderjason/time": {
      "version": "2.0.2",
      "resolved": "https://registry.npmjs.org/@anderjason/time/-/time-2.0.2.tgz",
      "integrity": "sha512-HZRi33qGMCRpQF8BuULESYmriC7+Id91FQ2Nf7Z6FSeVi/BjUzhi7w+rRRrLd4nEZwKqkTEcHb43N34CV8pptA==",
      "requires": {
        "@anderjason/tests": "^1.0.1",
        "typescript": "^4.0.3"
      }
    },
    "@anderjason/util": {
      "version": "2.0.0",
      "resolved": "https://registry.npmjs.org/@anderjason/util/-/util-2.0.0.tgz",
      "integrity": "sha512-4l32MDCiGawn/AZ/01/Xk4cs2iiZLuH+vOJ3wn5OhWLeBLblryhTWzfsP6ccUVq6JRbx4sqc+k8G25DxSDXZ3w==",
      "requires": {
        "@anderjason/tests": "^1.0.1",
        "typescript": "^4.0.3"
      }
    },
    "@types/fontfaceobserver": {
      "version": "0.0.6",
      "resolved": "https://registry.npmjs.org/@types/fontfaceobserver/-/fontfaceobserver-0.0.6.tgz",
      "integrity": "sha512-QJ1znjr9CDax2L17rgBnDOfNHsC1XtVAMswu+lRWvWb+kANhHA0slUNSSBsG8FVNvM4I4yXlN9doJRot3A2hkQ==",
      "dev": true
    },
    "fontfaceobserver": {
      "version": "2.1.0",
      "resolved": "https://registry.npmjs.org/fontfaceobserver/-/fontfaceobserver-2.1.0.tgz",
      "integrity": "sha512-ReOsO2F66jUa0jmv2nlM/s1MiutJx/srhAe2+TE8dJCMi02ZZOcCTxTCQFr3Yet+uODUtnr4Mewg+tNQ+4V1Ng=="
    },
    "skytree": {
      "version": "9.0.0",
      "resolved": "https://registry.npmjs.org/skytree/-/skytree-9.0.0.tgz",
      "integrity": "sha512-Xh15FnQHq+9AF6wOQV6TmoeevcBKOlJJmqJBRruPi7rabVtPfSR+zurcvwlplTADhofu36fiIw1avr2eInMpWg==",
      "requires": {
        "@anderjason/observable": "^3.0.0",
        "@anderjason/tests": "^1.0.1",
        "@anderjason/time": "^2.0.2",
        "@anderjason/util": "^2.0.0",
        "typescript": "^4.0.3"
      },
      "dependencies": {
        "@anderjason/observable": {
          "version": "3.0.0",
          "resolved": "https://registry.npmjs.org/@anderjason/observable/-/observable-3.0.0.tgz",
          "integrity": "sha512-LgVq427BbEH9ty4sykryvKkqb6jdY37KODnd2cxCv8vpDN88jy1AlVWa+bNU4hJUJxnl1ogDe/MRPSymdGmk+g==",
          "requires": {
            "@anderjason/tests": "^1.0.1",
            "@anderjason/util": "^2.0.0",
            "typescript": "^4.0.3"
          }
        },
        "@anderjason/tests": {
          "version": "1.0.1",
          "resolved": "https://registry.npmjs.org/@anderjason/tests/-/tests-1.0.1.tgz",
          "integrity": "sha512-cZe/kS4An3PzYGDTYorcYOj/xLsR+7YxMXmkBNX5Gi0GZzt5x+u2m4pyYSwOWU1LTqoStEqWeXyc0xtV5Dfx3A==",
          "requires": {
            "typescript": "^4.0.2"
          }
        },
        "@anderjason/time": {
          "version": "2.0.2",
          "resolved": "https://registry.npmjs.org/@anderjason/time/-/time-2.0.2.tgz",
          "integrity": "sha512-HZRi33qGMCRpQF8BuULESYmriC7+Id91FQ2Nf7Z6FSeVi/BjUzhi7w+rRRrLd4nEZwKqkTEcHb43N34CV8pptA==",
          "requires": {
            "@anderjason/tests": "^1.0.1",
            "typescript": "^4.0.3"
          }
        },
        "@anderjason/util": {
          "version": "2.0.0",
          "resolved": "https://registry.npmjs.org/@anderjason/util/-/util-2.0.0.tgz",
          "integrity": "sha512-4l32MDCiGawn/AZ/01/Xk4cs2iiZLuH+vOJ3wn5OhWLeBLblryhTWzfsP6ccUVq6JRbx4sqc+k8G25DxSDXZ3w==",
          "requires": {
            "@anderjason/tests": "^1.0.1",
            "typescript": "^4.0.3"
          }
        }
      }
    },
    "stylis": {
      "version": "4.0.3",
      "resolved": "https://registry.npmjs.org/stylis/-/stylis-4.0.3.tgz",
      "integrity": "sha512-iAxdFyR9cHKp4H5M2dJlDnvcb/3TvPprzlKjvYVbH7Sh+y8hjY/mUu/ssdcvVz6Z4lKI3vsoS0jAkMYmX7ozfA=="
    },
    "typescript": {
      "version": "4.0.3",
      "resolved": "https://registry.npmjs.org/typescript/-/typescript-4.0.3.tgz",
      "integrity": "sha512-tEu6DGxGgRJPb/mVPIZ48e69xCn2yRmCgYmDugAVwmJ6o+0u1RI18eO7E7WBTLYLaEVVOhwQmcdhQHweux/WPg=="
    }
  }
}
