{
  "name": "@anderjason/web",
  "version": "2.0.0",
  "lockfileVersion": 1,
  "requires": true,
  "dependencies": {
    "@anderjason/geometry": {
      "version": "git+https://github.com/anderjason/geometry.git#4754173e3a30ba2e18a3c966b4be2863f5c747f6",
      "from": "git+https://github.com/anderjason/geometry.git#dev",
      "requires": {
        "@anderjason/tests": "^1.0.0",
        "@anderjason/util": "^1.0.0",
        "typescript": "^4.0.2"
      }
    },
    "@anderjason/observable": {
      "version": "2.0.0",
      "resolved": "https://registry.npmjs.org/@anderjason/observable/-/observable-2.0.0.tgz",
      "integrity": "sha512-Vradu3l9xxnWDesEZFtpimvkM7qA9RoJP2+aUR8X0YaSLZX8iRNyiD+fVSko/RIcMOiqmbNVwdEvhiWcyHe2cQ==",
      "requires": {
        "@anderjason/tests": "^1.0.0",
        "@anderjason/util": "^1.0.0",
        "typescript": "^4.0.2"
      }
    },
    "@anderjason/tests": {
      "version": "1.0.0",
      "resolved": "https://registry.npmjs.org/@anderjason/tests/-/tests-1.0.0.tgz",
      "integrity": "sha512-IXyEyI9rWybaCGZdIforLpaiOFr5fOJhCq3z6wDCHs4KHcPewkIwGdeAafpz/Uif2Cjy3sx/YAt0Ae97WI9NKg==",
      "requires": {
        "typescript": "^4.0.2"
      }
    },
    "@anderjason/time": {
      "version": "2.0.0",
      "resolved": "https://registry.npmjs.org/@anderjason/time/-/time-2.0.0.tgz",
      "integrity": "sha512-PU0Q0XCbnItNzVQadM9EmzzM5d3So44Ek7G+NQidOe9AMrBpkIVskDTRwHxeWEBBiBrXFJjWgRH1lcBMKhD86g==",
      "requires": {
        "@anderjason/tests": "^1.0.0",
        "typescript": "^4.0.2"
      }
    },
    "@anderjason/util": {
      "version": "1.0.0",
      "resolved": "https://registry.npmjs.org/@anderjason/util/-/util-1.0.0.tgz",
      "integrity": "sha512-LAcLA81Jb9saSMh/Rl1+uqEnAjSL82lJiZTV5Xc6ZOm+9tXYu+/9coF9JnJJG/B85+Be0ad3zA0RwueAVg/daw==",
      "requires": {
        "@anderjason/tests": "^1.0.0",
        "typescript": "^4.0.2"
      }
    },
    "skytree": {
      "version": "8.0.2",
      "resolved": "https://registry.npmjs.org/skytree/-/skytree-8.0.2.tgz",
      "integrity": "sha512-/ALyUqA8DIyl1RP3oeoZ0WWmhTNmceicuAieyjQXDjKfHsh58GKv0dgPrQq/riJb5OvtSyxJ9oWMeUswGqJzlA==",
      "requires": {
        "@anderjason/observable": "^2.0.0",
        "@anderjason/tests": "^1.0.0",
        "@anderjason/time": "^2.0.0",
        "@anderjason/util": "^1.0.0",
        "typescript": "^4.0.2"
      }
    },
    "stylis": {
      "version": "4.0.3",
      "resolved": "https://registry.npmjs.org/stylis/-/stylis-4.0.3.tgz",
      "integrity": "sha512-iAxdFyR9cHKp4H5M2dJlDnvcb/3TvPprzlKjvYVbH7Sh+y8hjY/mUu/ssdcvVz6Z4lKI3vsoS0jAkMYmX7ozfA=="
    },
    "typescript": {
      "version": "4.0.2",
      "resolved": "https://registry.npmjs.org/typescript/-/typescript-4.0.2.tgz",
      "integrity": "sha512-e4ERvRV2wb+rRZ/IQeb3jm2VxBsirQLpQhdxplZ2MEzGvDkkMmPglecnNDfSUBivMjP93vRbngYYDQqQ/78bcQ=="
    }
  }
}
