{
  "name": "@anderjason/web",
  "version": "1.0.0",
  "lockfileVersion": 1,
  "requires": true,
  "dependencies": {
    "@anderjason/geometry": {
      "version": "1.0.0",
      "resolved": "https://registry.npmjs.org/@anderjason/geometry/-/geometry-1.0.0.tgz",
      "integrity": "sha512-2Fymei1tOawfOj9y0Iw5z9FdRFAPvXRflCBsuk0oTHgmRExJZQ34CXGNxTIrWsfuMdLwspwABcmXMLGNnr4LEw==",
      "requires": {
        "@anderjason/tests": "^1.0.0",
        "@anderjason/util": "^1.0.0",
        "typescript": "^4.0.2"
      }
    },
    "@anderjason/observable": {
      "version": "1.0.0",
      "resolved": "https://registry.npmjs.org/@anderjason/observable/-/observable-1.0.0.tgz",
      "integrity": "sha512-tTc8TEFz6usSYkZ5egK569FEe8Kg/ZhQOmiwcssVzCxtaMdYr+mIFZt18q0gFYfVGzuMFg5BxuD0X0fCsa1SUw==",
      "requires": {
        "@anderjason/tests": "^1.0.0",
        "@anderjason/util": "^1.0.0",
        "typescript": "^4.0.2"
      }
    },
    "@anderjason/tests": {
      "version": "1.0.0",
      "resolved": "https://registry.npmjs.org/@anderjason/tests/-/tests-1.0.0.tgz",
      "integrity": "sha512-IXyEyI9rWybaCGZdIforLpaiOFr5fOJhCq3z6wDCHs4KHcPewkIwGdeAafpz/Uif2Cjy3sx/YAt0Ae97WI9NKg==",
      "requires": {
        "typescript": "^4.0.2"
      }
    },
    "@anderjason/time": {
      "version": "1.0.0",
      "resolved": "https://registry.npmjs.org/@anderjason/time/-/time-1.0.0.tgz",
      "integrity": "sha512-ERlDqZ9yyVwg7c2e0LwjpJXT3efswBS1Y+k5NgUC8rwdikuvdUsDCy+BRNpHQPLgVDHLOZIKOofKJfCQi5Nh/A==",
      "requires": {
        "@anderjason/tests": "^1.0.0",
        "typescript": "^4.0.2"
      }
    },
    "@anderjason/util": {
      "version": "1.0.0",
      "resolved": "https://registry.npmjs.org/@anderjason/util/-/util-1.0.0.tgz",
      "integrity": "sha512-LAcLA81Jb9saSMh/Rl1+uqEnAjSL82lJiZTV5Xc6ZOm+9tXYu+/9coF9JnJJG/B85+Be0ad3zA0RwueAVg/daw==",
      "requires": {
        "@anderjason/tests": "^1.0.0",
        "typescript": "^4.0.2"
      }
    },
    "skytree": {
      "version": "7.0.0",
      "resolved": "https://registry.npmjs.org/skytree/-/skytree-7.0.0.tgz",
      "integrity": "sha512-kM6Tnt0yFzDkXhLpfBCynMauEts6qzT4cKEBASJOSbWmHTIGiaYKlbc2c5Vb/JElHRBgtKruJvnKKY0Vi4Is/Q==",
      "requires": {
        "@anderjason/observable": "^1.0.0",
        "@anderjason/tests": "^1.0.0",
        "@anderjason/time": "^1.0.0",
        "@anderjason/util": "^1.0.0",
        "typescript": "^4.0.2"
      }
    },
    "stylis": {
      "version": "4.0.2",
      "resolved": "https://registry.npmjs.org/stylis/-/stylis-4.0.2.tgz",
      "integrity": "sha512-2RR3o86K1CSrJjigElyNC9dSR7KyINLP68gauaBQn6j2zfJ/7gb0nD6FGXSCsklVM0V6fsoYA8qEXhhZGjkdww=="
    },
    "typescript": {
      "version": "4.0.2",
      "resolved": "https://registry.npmjs.org/typescript/-/typescript-4.0.2.tgz",
      "integrity": "sha512-e4ERvRV2wb+rRZ/IQeb3jm2VxBsirQLpQhdxplZ2MEzGvDkkMmPglecnNDfSUBivMjP93vRbngYYDQqQ/78bcQ=="
    }
  }
}
